
Microsoft Visual Studio Solution File, Format Version 12.00
# Visual Studio Version 16
VisualStudioVersion = 16.0.31515.178
MinimumVisualStudioVersion = 10.0.40219.1
Project("{9A19103F-16F7-4668-BE54-9A1E7A4F7556}") = "PhoneBook.Web", "PhoneBook.Web\PhoneBook.Web.csproj", "{C816C9C7-7127-4A96-8F7C-0927D92C6E61}"
EndProject
Project("{FAE04EC0-301F-11D3-BF4B-00C04F79EFBC}") = "PhoneBook.WebApi", "PhoneBook.WebApi\PhoneBook.WebApi.csproj", "{DAD4D1DF-C8F6-492F-8E35-6067F40295F1}"
EndProject
Global
	GlobalSection(SolutionConfigurationPlatforms) = preSolution
		Debug|Any CPU = Debug|Any CPU
		Release|Any CPU = Release|Any CPU
	EndGlobalSection
	GlobalSection(ProjectConfigurationPlatforms) = postSolution
		{C816C9C7-7127-4A96-8F7C-0927D92C6E61}.Debug|Any CPU.ActiveCfg = Debug|Any CPU
		{C816C9C7-7127-4A96-8F7C-0927D92C6E61}.Debug|Any CPU.Build.0 = Debug|Any CPU
		{C816C9C7-7127-4A96-8F7C-0927D92C6E61}.Release|Any CPU.ActiveCfg = Release|Any CPU
		{C816C9C7-7127-4A96-8F7C-0927D92C6E61}.Release|Any CPU.Build.0 = Release|Any CPU
		{DAD4D1DF-C8F6-492F-8E35-6067F40295F1}.Debug|Any CPU.ActiveCfg = Debug|Any CPU
		{DAD4D1DF-C8F6-492F-8E35-6067F40295F1}.Debug|Any CPU.Build.0 = Debug|Any CPU
		{DAD4D1DF-C8F6-492F-8E35-6067F40295F1}.Release|Any CPU.ActiveCfg = Release|Any CPU
		{DAD4D1DF-C8F6-492F-8E35-6067F40295F1}.Release|Any CPU.Build.0 = Release|Any CPU
	EndGlobalSection
	GlobalSection(SolutionProperties) = preSolution
		HideSolutionNode = FALSE
	EndGlobalSection
	GlobalSection(ExtensibilityGlobals) = postSolution
		SolutionGuid = {A5356048-37C4-4085-8DE5-9AA2A2FC8C88}
	EndGlobalSection
EndGlobal
